
Microsoft Visual Studio Solution File, Format Version 12.00
# Visual Studio Version 17
VisualStudioVersion = 17.4.33122.133
MinimumVisualStudioVersion = 10.0.40219.1
Project("{9A19103F-16F7-4668-BE54-9A1E7A4F7556}") = "RazorPagesProject", "RazorPagesProject\RazorPagesProject.csproj", "{62E659E6-0652-4829-BEEE-CD2C8C86A1C1}"
EndProject
Project("{9A19103F-16F7-4668-BE54-9A1E7A4F7556}") = "WindowsFormsAppProject", "WindowsFormsAppProject\WindowsFormsAppProject.csproj", "{A2F14F03-9EFA-47FC-B46C-910C8A0A6CC0}"
EndProject
Project("{9A19103F-16F7-4668-BE54-9A1E7A4F7556}") = "ClassLibrary", "ClassLibrary\ClassLibrary.csproj", "{B0DE1093-6AD5-45B5-9A4F-0DA3C2232E4D}"
EndProject
Project("{9A19103F-16F7-4668-BE54-9A1E7A4F7556}") = "Test", "Test\Test.csproj", "{2F06437C-B3DB-4128-9BBF-E1C8E24755E4}"
EndProject
Project("{FAE04EC0-301F-11D3-BF4B-00C04F79EFBC}") = "DataBaseClassLibrary", "DataBaseClassLibrary\DataBaseClassLibrary.csproj", "{41C27E97-56A2-459F-957D-B1AD0C92E321}"
EndProject
Global
	GlobalSection(SolutionConfigurationPlatforms) = preSolution
		Debug|Any CPU = Debug|Any CPU
		Release|Any CPU = Release|Any CPU
	EndGlobalSection
	GlobalSection(ProjectConfigurationPlatforms) = postSolution
		{62E659E6-0652-4829-BEEE-CD2C8C86A1C1}.Debug|Any CPU.ActiveCfg = Debug|Any CPU
		{62E659E6-0652-4829-BEEE-CD2C8C86A1C1}.Debug|Any CPU.Build.0 = Debug|Any CPU
		{62E659E6-0652-4829-BEEE-CD2C8C86A1C1}.Release|Any CPU.ActiveCfg = Release|Any CPU
		{62E659E6-0652-4829-BEEE-CD2C8C86A1C1}.Release|Any CPU.Build.0 = Release|Any CPU
		{A2F14F03-9EFA-47FC-B46C-910C8A0A6CC0}.Debug|Any CPU.ActiveCfg = Debug|Any CPU
		{A2F14F03-9EFA-47FC-B46C-910C8A0A6CC0}.Debug|Any CPU.Build.0 = Debug|Any CPU
		{A2F14F03-9EFA-47FC-B46C-910C8A0A6CC0}.Release|Any CPU.ActiveCfg = Release|Any CPU
		{A2F14F03-9EFA-47FC-B46C-910C8A0A6CC0}.Release|Any CPU.Build.0 = Release|Any CPU
		{B0DE1093-6AD5-45B5-9A4F-0DA3C2232E4D}.Debug|Any CPU.ActiveCfg = Debug|Any CPU
		{B0DE1093-6AD5-45B5-9A4F-0DA3C2232E4D}.Debug|Any CPU.Build.0 = Debug|Any CPU
		{B0DE1093-6AD5-45B5-9A4F-0DA3C2232E4D}.Release|Any CPU.ActiveCfg = Release|Any CPU
		{B0DE1093-6AD5-45B5-9A4F-0DA3C2232E4D}.Release|Any CPU.Build.0 = Release|Any CPU
		{2F06437C-B3DB-4128-9BBF-E1C8E24755E4}.Debug|Any CPU.ActiveCfg = Debug|Any CPU
		{2F06437C-B3DB-4128-9BBF-E1C8E24755E4}.Debug|Any CPU.Build.0 = Debug|Any CPU
		{2F06437C-B3DB-4128-9BBF-E1C8E24755E4}.Release|Any CPU.ActiveCfg = Release|Any CPU
		{2F06437C-B3DB-4128-9BBF-E1C8E24755E4}.Release|Any CPU.Build.0 = Release|Any CPU
		{41C27E97-56A2-459F-957D-B1AD0C92E321}.Debug|Any CPU.ActiveCfg = Debug|Any CPU
		{41C27E97-56A2-459F-957D-B1AD0C92E321}.Debug|Any CPU.Build.0 = Debug|Any CPU
		{41C27E97-56A2-459F-957D-B1AD0C92E321}.Release|Any CPU.ActiveCfg = Release|Any CPU
		{41C27E97-56A2-459F-957D-B1AD0C92E321}.Release|Any CPU.Build.0 = Release|Any CPU
	EndGlobalSection
	GlobalSection(SolutionProperties) = preSolution
		HideSolutionNode = FALSE
	EndGlobalSection
	GlobalSection(ExtensibilityGlobals) = postSolution
		SolutionGuid = {C0682815-7D30-4033-8CA3-5AA1E593D322}
	EndGlobalSection
EndGlobal
